
Microsoft Visual Studio Solution File, Format Version 10.00
# Visual Studio 2008
Project("{FAE04EC0-301F-11D3-BF4B-00C04F79EFBC}") = "scheduleDemo", "scheduleDemo\scheduleDemo.csproj", "{ACCFFA21-BDDC-4114-A57D-A0FA9A846604}"
EndProject
Global
	GlobalSection(SolutionConfigurationPlatforms) = preSolution
		Debug|Any CPU = Debug|Any CPU
		Release|Any CPU = Release|Any CPU
	EndGlobalSection
	GlobalSection(ProjectConfigurationPlatforms) = postSolution
		{ACCFFA21-BDDC-4114-A57D-A0FA9A846604}.Debug|Any CPU.ActiveCfg = Debug|Any CPU
		{ACCFFA21-BDDC-4114-A57D-A0FA9A846604}.Debug|Any CPU.Build.0 = Debug|Any CPU
		{ACCFFA21-BDDC-4114-A57D-A0FA9A846604}.Release|Any CPU.ActiveCfg = Release|Any CPU
		{ACCFFA21-BDDC-4114-A57D-A0FA9A846604}.Release|Any CPU.Build.0 = Release|Any CPU
	EndGlobalSection
	GlobalSection(SolutionProperties) = preSolution
		HideSolutionNode = FALSE
	EndGlobalSection
EndGlobal
